
Microsoft Visual Studio Solution File, Format Version 12.00
# Visual Studio Version 16
VisualStudioVersion = 16.0.31402.337
MinimumVisualStudioVersion = 10.0.40219.1
Project("{9A19103F-16F7-4668-BE54-9A1E7A4F7556}") = "Hotel", "Hotel.csproj", "{962EA16C-AFD5-4AF7-A155-0BAB60792B51}"
EndProject
Global
	GlobalSection(SolutionConfigurationPlatforms) = preSolution
		Debug|Any CPU = Debug|Any CPU
		Release|Any CPU = Release|Any CPU
	EndGlobalSection
	GlobalSection(ProjectConfigurationPlatforms) = postSolution
		{962EA16C-AFD5-4AF7-A155-0BAB60792B51}.Debug|Any CPU.ActiveCfg = Debug|Any CPU
		{962EA16C-AFD5-4AF7-A155-0BAB60792B51}.Debug|Any CPU.Build.0 = Debug|Any CPU
		{962EA16C-AFD5-4AF7-A155-0BAB60792B51}.Release|Any CPU.ActiveCfg = Release|Any CPU
		{962EA16C-AFD5-4AF7-A155-0BAB60792B51}.Release|Any CPU.Build.0 = Release|Any CPU
	EndGlobalSection
	GlobalSection(SolutionProperties) = preSolution
		HideSolutionNode = FALSE
	EndGlobalSection
	GlobalSection(ExtensibilityGlobals) = postSolution
		SolutionGuid = {65027A58-D902-4E72-B6C0-00E66DC3CB92}
	EndGlobalSection
EndGlobal
